Microsoft Visual Studio Solution File, Format Version 12.00
# Visual Studio Version 17
VisualStudioVersion = 17.5.2.0
MinimumVisualStudioVersion = 10.0.40219.1
Project("{FAE04EC0-301F-11D3-BF4B-00C04F79EFBC}") = "CDotNew", "CDotNew.csproj", "{A96BF3E7-F3EB-A6F8-DCA0-EC5829EC92C7}"
EndProject
Global
	GlobalSection(SolutionConfigurationPlatforms) = preSolution
		Debug|Any CPU = Debug|Any CPU
		Release|Any CPU = Release|Any CPU
	EndGlobalSection
	GlobalSection(ProjectConfigurationPlatforms) = postSolution
		{A96BF3E7-F3EB-A6F8-DCA0-EC5829EC92C7}.Debug|Any CPU.ActiveCfg = Debug|Any CPU
		{A96BF3E7-F3EB-A6F8-DCA0-EC5829EC92C7}.Debug|Any CPU.Build.0 = Debug|Any CPU
		{A96BF3E7-F3EB-A6F8-DCA0-EC5829EC92C7}.Release|Any CPU.ActiveCfg = Release|Any CPU
		{A96BF3E7-F3EB-A6F8-DCA0-EC5829EC92C7}.Release|Any CPU.Build.0 = Release|Any CPU
	EndGlobalSection
	GlobalSection(SolutionProperties) = preSolution
		HideSolutionNode = FALSE
	EndGlobalSection
	GlobalSection(ExtensibilityGlobals) = postSolution
		SolutionGuid = {5338A083-6028-46CB-9ADE-90993C588BE0}
	EndGlobalSection
EndGlobal
